
Microsoft Visual Studio Solution File, Format Version 12.00
# Visual Studio 14
VisualStudioVersion = 14.0.23107.0
MinimumVisualStudioVersion = 10.0.40219.1
Project("{FAE04EC0-301F-11D3-BF4B-00C04F79EFBC}") = "OsmcRemoteClassic", "OsmcRemoteClassic\OsmcRemoteClassic.csproj", "{0C16E6C9-1560-4303-A8D3-B9A1CF4A4450}"
EndProject
Project("{FAE04EC0-301F-11D3-BF4B-00C04F79EFBC}") = "OsmcRemoteConsole", "OsmcRemoteConsole\OsmcRemoteConsole.csproj", "{AD1C4EFF-D7E0-41D0-A0AA-C8C89AA334EE}"
EndProject
Project("{FAE04EC0-301F-11D3-BF4B-00C04F79EFBC}") = "OsmcRemoteWP8", "OsmcRemoteWP8\OsmcRemoteWP8.csproj", "{46DB5085-17EA-4252-82FE-CF03339DD7C9}"
EndProject
Project("{FAE04EC0-301F-11D3-BF4B-00C04F79EFBC}") = "OsmcRemoteApp", "OsmcRemoteApp\OsmcRemoteApp.csproj", "{817B764F-A362-4198-9BE0-7633E0A01F2A}"
EndProject
Project("{FAE04EC0-301F-11D3-BF4B-00C04F79EFBC}") = "JsonParser", "..\..\jsonparser\JsonParser\JsonParser\JsonParser.csproj", "{BC9C47DB-A6C2-424E-99B1-EC9CC93E4701}"
EndProject
Project("{FAE04EC0-301F-11D3-BF4B-00C04F79EFBC}") = "OsmcRemoteAppCommon", "OsmcRemoteAppCommon\OsmcRemoteAppCommon.csproj", "{46333D59-4372-458F-8FA6-C6F5BC55A111}"
EndProject
Global
	GlobalSection(SolutionConfigurationPlatforms) = preSolution
		Debug|Any CPU = Debug|Any CPU
		Debug|ARM = Debug|ARM
		Debug|x64 = Debug|x64
		Debug|x86 = Debug|x86
		Release|Any CPU = Release|Any CPU
		Release|ARM = Release|ARM
		Release|x64 = Release|x64
		Release|x86 = Release|x86
	EndGlobalSection
	GlobalSection(ProjectConfigurationPlatforms) = postSolution
		{0C16E6C9-1560-4303-A8D3-B9A1CF4A4450}.Debug|Any CPU.ActiveCfg = Debug|Any CPU
		{0C16E6C9-1560-4303-A8D3-B9A1CF4A4450}.Debug|Any CPU.Build.0 = Debug|Any CPU
		{0C16E6C9-1560-4303-A8D3-B9A1CF4A4450}.Debug|ARM.ActiveCfg = Debug|Any CPU
		{0C16E6C9-1560-4303-A8D3-B9A1CF4A4450}.Debug|ARM.Build.0 = Debug|Any CPU
		{0C16E6C9-1560-4303-A8D3-B9A1CF4A4450}.Debug|x64.ActiveCfg = Debug|Any CPU
		{0C16E6C9-1560-4303-A8D3-B9A1CF4A4450}.Debug|x64.Build.0 = Debug|Any CPU
		{0C16E6C9-1560-4303-A8D3-B9A1CF4A4450}.Debug|x86.ActiveCfg = Debug|Any CPU
		{0C16E6C9-1560-4303-A8D3-B9A1CF4A4450}.Debug|x86.Build.0 = Debug|Any CPU
		{0C16E6C9-1560-4303-A8D3-B9A1CF4A4450}.Release|Any CPU.ActiveCfg = Release|Any CPU
		{0C16E6C9-1560-4303-A8D3-B9A1CF4A4450}.Release|Any CPU.Build.0 = Release|Any CPU
		{0C16E6C9-1560-4303-A8D3-B9A1CF4A4450}.Release|ARM.ActiveCfg = Release|Any CPU
		{0C16E6C9-1560-4303-A8D3-B9A1CF4A4450}.Release|ARM.Build.0 = Release|Any CPU
		{0C16E6C9-1560-4303-A8D3-B9A1CF4A4450}.Release|x64.ActiveCfg = Release|Any CPU
		{0C16E6C9-1560-4303-A8D3-B9A1CF4A4450}.Release|x64.Build.0 = Release|Any CPU
		{0C16E6C9-1560-4303-A8D3-B9A1CF4A4450}.Release|x86.ActiveCfg = Release|Any CPU
		{0C16E6C9-1560-4303-A8D3-B9A1CF4A4450}.Release|x86.Build.0 = Release|Any CPU
		{AD1C4EFF-D7E0-41D0-A0AA-C8C89AA334EE}.Debug|Any CPU.ActiveCfg = Debug|Any CPU
		{AD1C4EFF-D7E0-41D0-A0AA-C8C89AA334EE}.Debug|Any CPU.Build.0 = Debug|Any CPU
		{AD1C4EFF-D7E0-41D0-A0AA-C8C89AA334EE}.Debug|ARM.ActiveCfg = Debug|Any CPU
		{AD1C4EFF-D7E0-41D0-A0AA-C8C89AA334EE}.Debug|ARM.Build.0 = Debug|Any CPU
		{AD1C4EFF-D7E0-41D0-A0AA-C8C89AA334EE}.Debug|x64.ActiveCfg = Debug|Any CPU
		{AD1C4EFF-D7E0-41D0-A0AA-C8C89AA334EE}.Debug|x64.Build.0 = Debug|Any CPU
		{AD1C4EFF-D7E0-41D0-A0AA-C8C89AA334EE}.Debug|x86.ActiveCfg = Debug|Any CPU
		{AD1C4EFF-D7E0-41D0-A0AA-C8C89AA334EE}.Debug|x86.Build.0 = Debug|Any CPU
		{AD1C4EFF-D7E0-41D0-A0AA-C8C89AA334EE}.Release|Any CPU.ActiveCfg = Release|Any CPU
		{AD1C4EFF-D7E0-41D0-A0AA-C8C89AA334EE}.Release|Any CPU.Build.0 = Release|Any CPU
		{AD1C4EFF-D7E0-41D0-A0AA-C8C89AA334EE}.Release|ARM.ActiveCfg = Release|Any CPU
		{AD1C4EFF-D7E0-41D0-A0AA-C8C89AA334EE}.Release|ARM.Build.0 = Release|Any CPU
		{AD1C4EFF-D7E0-41D0-A0AA-C8C89AA334EE}.Release|x64.ActiveCfg = Release|Any CPU
		{AD1C4EFF-D7E0-41D0-A0AA-C8C89AA334EE}.Release|x64.Build.0 = Release|Any CPU
		{AD1C4EFF-D7E0-41D0-A0AA-C8C89AA334EE}.Release|x86.ActiveCfg = Release|Any CPU
		{AD1C4EFF-D7E0-41D0-A0AA-C8C89AA334EE}.Release|x86.Build.0 = Release|Any CPU
		{46DB5085-17EA-4252-82FE-CF03339DD7C9}.Debug|Any CPU.ActiveCfg = Debug|Any CPU
		{46DB5085-17EA-4252-82FE-CF03339DD7C9}.Debug|Any CPU.Build.0 = Debug|Any CPU
		{46DB5085-17EA-4252-82FE-CF03339DD7C9}.Debug|Any CPU.Deploy.0 = Debug|Any CPU
		{46DB5085-17EA-4252-82FE-CF03339DD7C9}.Debug|ARM.ActiveCfg = Debug|ARM
		{46DB5085-17EA-4252-82FE-CF03339DD7C9}.Debug|ARM.Build.0 = Debug|ARM
		{46DB5085-17EA-4252-82FE-CF03339DD7C9}.Debug|ARM.Deploy.0 = Debug|ARM
		{46DB5085-17EA-4252-82FE-CF03339DD7C9}.Debug|x64.ActiveCfg = Debug|Any CPU
		{46DB5085-17EA-4252-82FE-CF03339DD7C9}.Debug|x64.Build.0 = Debug|Any CPU
		{46DB5085-17EA-4252-82FE-CF03339DD7C9}.Debug|x64.Deploy.0 = Debug|Any CPU
		{46DB5085-17EA-4252-82FE-CF03339DD7C9}.Debug|x86.ActiveCfg = Debug|x86
		{46DB5085-17EA-4252-82FE-CF03339DD7C9}.Debug|x86.Build.0 = Debug|x86
		{46DB5085-17EA-4252-82FE-CF03339DD7C9}.Debug|x86.Deploy.0 = Debug|x86
		{46DB5085-17EA-4252-82FE-CF03339DD7C9}.Release|Any CPU.ActiveCfg = Release|Any CPU
		{46DB5085-17EA-4252-82FE-CF03339DD7C9}.Release|Any CPU.Build.0 = Release|Any CPU
		{46DB5085-17EA-4252-82FE-CF03339DD7C9}.Release|Any CPU.Deploy.0 = Release|Any CPU
		{46DB5085-17EA-4252-82FE-CF03339DD7C9}.Release|ARM.ActiveCfg = Release|ARM
		{46DB5085-17EA-4252-82FE-CF03339DD7C9}.Release|ARM.Build.0 = Release|ARM
		{46DB5085-17EA-4252-82FE-CF03339DD7C9}.Release|ARM.Deploy.0 = Release|ARM
		{46DB5085-17EA-4252-82FE-CF03339DD7C9}.Release|x64.ActiveCfg = Release|Any CPU
		{46DB5085-17EA-4252-82FE-CF03339DD7C9}.Release|x64.Build.0 = Release|Any CPU
		{46DB5085-17EA-4252-82FE-CF03339DD7C9}.Release|x64.Deploy.0 = Release|Any CPU
		{46DB5085-17EA-4252-82FE-CF03339DD7C9}.Release|x86.ActiveCfg = Release|x86
		{46DB5085-17EA-4252-82FE-CF03339DD7C9}.Release|x86.Build.0 = Release|x86
		{46DB5085-17EA-4252-82FE-CF03339DD7C9}.Release|x86.Deploy.0 = Release|x86
		{817B764F-A362-4198-9BE0-7633E0A01F2A}.Debug|Any CPU.ActiveCfg = Debug|x86
		{817B764F-A362-4198-9BE0-7633E0A01F2A}.Debug|Any CPU.Build.0 = Debug|x86
		{817B764F-A362-4198-9BE0-7633E0A01F2A}.Debug|Any CPU.Deploy.0 = Debug|x86
		{817B764F-A362-4198-9BE0-7633E0A01F2A}.Debug|ARM.ActiveCfg = Debug|ARM
		{817B764F-A362-4198-9BE0-7633E0A01F2A}.Debug|ARM.Build.0 = Debug|ARM
		{817B764F-A362-4198-9BE0-7633E0A01F2A}.Debug|ARM.Deploy.0 = Debug|ARM
		{817B764F-A362-4198-9BE0-7633E0A01F2A}.Debug|x64.ActiveCfg = Debug|x64
		{817B764F-A362-4198-9BE0-7633E0A01F2A}.Debug|x64.Build.0 = Debug|x64
		{817B764F-A362-4198-9BE0-7633E0A01F2A}.Debug|x64.Deploy.0 = Debug|x64
		{817B764F-A362-4198-9BE0-7633E0A01F2A}.Debug|x86.ActiveCfg = Debug|x86
		{817B764F-A362-4198-9BE0-7633E0A01F2A}.Debug|x86.Build.0 = Debug|x86
		{817B764F-A362-4198-9BE0-7633E0A01F2A}.Debug|x86.Deploy.0 = Debug|x86
		{817B764F-A362-4198-9BE0-7633E0A01F2A}.Release|Any CPU.ActiveCfg = Release|x86
		{817B764F-A362-4198-9BE0-7633E0A01F2A}.Release|ARM.ActiveCfg = Release|ARM
		{817B764F-A362-4198-9BE0-7633E0A01F2A}.Release|ARM.Build.0 = Release|ARM
		{817B764F-A362-4198-9BE0-7633E0A01F2A}.Release|ARM.Deploy.0 = Release|ARM
		{817B764F-A362-4198-9BE0-7633E0A01F2A}.Release|x64.ActiveCfg = Release|x64
		{817B764F-A362-4198-9BE0-7633E0A01F2A}.Release|x64.Build.0 = Release|x64
		{817B764F-A362-4198-9BE0-7633E0A01F2A}.Release|x64.Deploy.0 = Release|x64
		{817B764F-A362-4198-9BE0-7633E0A01F2A}.Release|x86.ActiveCfg = Release|x86
		{817B764F-A362-4198-9BE0-7633E0A01F2A}.Release|x86.Build.0 = Release|x86
		{817B764F-A362-4198-9BE0-7633E0A01F2A}.Release|x86.Deploy.0 = Release|x86
		{BC9C47DB-A6C2-424E-99B1-EC9CC93E4701}.Debug|Any CPU.ActiveCfg = Debug|Any CPU
		{BC9C47DB-A6C2-424E-99B1-EC9CC93E4701}.Debug|Any CPU.Build.0 = Debug|Any CPU
		{BC9C47DB-A6C2-424E-99B1-EC9CC93E4701}.Debug|ARM.ActiveCfg = Debug|Any CPU
		{BC9C47DB-A6C2-424E-99B1-EC9CC93E4701}.Debug|ARM.Build.0 = Debug|Any CPU
		{BC9C47DB-A6C2-424E-99B1-EC9CC93E4701}.Debug|x64.ActiveCfg = Debug|Any CPU
		{BC9C47DB-A6C2-424E-99B1-EC9CC93E4701}.Debug|x64.Build.0 = Debug|Any CPU
		{BC9C47DB-A6C2-424E-99B1-EC9CC93E4701}.Debug|x86.ActiveCfg = Debug|Any CPU
		{BC9C47DB-A6C2-424E-99B1-EC9CC93E4701}.Debug|x86.Build.0 = Debug|Any CPU
		{BC9C47DB-A6C2-424E-99B1-EC9CC93E4701}.Release|Any CPU.ActiveCfg = Release|Any CPU
		{BC9C47DB-A6C2-424E-99B1-EC9CC93E4701}.Release|Any CPU.Build.0 = Release|Any CPU
		{BC9C47DB-A6C2-424E-99B1-EC9CC93E4701}.Release|ARM.ActiveCfg = Release|Any CPU
		{BC9C47DB-A6C2-424E-99B1-EC9CC93E4701}.Release|ARM.Build.0 = Release|Any CPU
		{BC9C47DB-A6C2-424E-99B1-EC9CC93E4701}.Release|x64.ActiveCfg = Release|Any CPU
		{BC9C47DB-A6C2-424E-99B1-EC9CC93E4701}.Release|x64.Build.0 = Release|Any CPU
		{BC9C47DB-A6C2-424E-99B1-EC9CC93E4701}.Release|x86.ActiveCfg = Release|Any CPU
		{BC9C47DB-A6C2-424E-99B1-EC9CC93E4701}.Release|x86.Build.0 = Release|Any CPU
		{46333D59-4372-458F-8FA6-C6F5BC55A111}.Debug|Any CPU.ActiveCfg = Debug|Any CPU
		{46333D59-4372-458F-8FA6-C6F5BC55A111}.Debug|Any CPU.Build.0 = Debug|Any CPU
		{46333D59-4372-458F-8FA6-C6F5BC55A111}.Debug|ARM.ActiveCfg = Debug|Any CPU
		{46333D59-4372-458F-8FA6-C6F5BC55A111}.Debug|ARM.Build.0 = Debug|Any CPU
		{46333D59-4372-458F-8FA6-C6F5BC55A111}.Debug|x64.ActiveCfg = Debug|Any CPU
		{46333D59-4372-458F-8FA6-C6F5BC55A111}.Debug|x64.Build.0 = Debug|Any CPU
		{46333D59-4372-458F-8FA6-C6F5BC55A111}.Debug|x86.ActiveCfg = Debug|Any CPU
		{46333D59-4372-458F-8FA6-C6F5BC55A111}.Debug|x86.Build.0 = Debug|Any CPU
		{46333D59-4372-458F-8FA6-C6F5BC55A111}.Release|Any CPU.ActiveCfg = Release|Any CPU
		{46333D59-4372-458F-8FA6-C6F5BC55A111}.Release|Any CPU.Build.0 = Release|Any CPU
		{46333D59-4372-458F-8FA6-C6F5BC55A111}.Release|ARM.ActiveCfg = Release|Any CPU
		{46333D59-4372-458F-8FA6-C6F5BC55A111}.Release|ARM.Build.0 = Release|Any CPU
		{46333D59-4372-458F-8FA6-C6F5BC55A111}.Release|x64.ActiveCfg = Release|Any CPU
		{46333D59-4372-458F-8FA6-C6F5BC55A111}.Release|x64.Build.0 = Release|Any CPU
		{46333D59-4372-458F-8FA6-C6F5BC55A111}.Release|x86.ActiveCfg = Release|Any CPU
		{46333D59-4372-458F-8FA6-C6F5BC55A111}.Release|x86.Build.0 = Release|Any CPU
	EndGlobalSection
	GlobalSection(SolutionProperties) = preSolution
		HideSolutionNode = FALSE
	EndGlobalSection
EndGlobal
